
Microsoft Visual Studio Solution File, Format Version 12.00
# Visual Studio Version 16
VisualStudioVersion = 16.0.32126.315
MinimumVisualStudioVersion = 10.0.40219.1
Project("{FAE04EC0-301F-11D3-BF4B-00C04F79EFBC}") = "FarmasiMarketPlace.Entities", "FarmasiMarketPlace.Entities\FarmasiMarketPlace.Entities.csproj", "{1C6A00DC-262F-4EAA-8A6E-F16803680D9D}"
EndProject
Project("{FAE04EC0-301F-11D3-BF4B-00C04F79EFBC}") = "FarmasiMarketPlace.Core", "FarmasiMarketPlace.Core\FarmasiMarketPlace.Core.csproj", "{CAF7239E-053A-4AE4-A9C9-8D33E4452FB4}"
EndProject
Project("{FAE04EC0-301F-11D3-BF4B-00C04F79EFBC}") = "FarmasiMarketPlace.DAL", "FarmasiMarketPlace.DAL\FarmasiMarketPlace.DAL.csproj", "{7ECAFC97-6793-4D77-BBD2-D6CFEB99A97F}"
EndProject
Project("{FAE04EC0-301F-11D3-BF4B-00C04F79EFBC}") = "FarmasiMarketPlace.Business", "FarmasiMarketPlace.Business\FarmasiMarketPlace.Business.csproj", "{392E9205-F530-44D9-9665-A46CAE4AAE6A}"
EndProject
Project("{FAE04EC0-301F-11D3-BF4B-00C04F79EFBC}") = "FarmasiMarketPlace.API", "FarmasiMarketPlace.API\FarmasiMarketPlace.API.csproj", "{A92E4A48-8E2D-40A0-B7CF-15068B7D5CCA}"
EndProject
Global
	GlobalSection(SolutionConfigurationPlatforms) = preSolution
		Debug|Any CPU = Debug|Any CPU
		Release|Any CPU = Release|Any CPU
	EndGlobalSection
	GlobalSection(ProjectConfigurationPlatforms) = postSolution
		{1C6A00DC-262F-4EAA-8A6E-F16803680D9D}.Debug|Any CPU.ActiveCfg = Debug|Any CPU
		{1C6A00DC-262F-4EAA-8A6E-F16803680D9D}.Debug|Any CPU.Build.0 = Debug|Any CPU
		{1C6A00DC-262F-4EAA-8A6E-F16803680D9D}.Release|Any CPU.ActiveCfg = Release|Any CPU
		{1C6A00DC-262F-4EAA-8A6E-F16803680D9D}.Release|Any CPU.Build.0 = Release|Any CPU
		{CAF7239E-053A-4AE4-A9C9-8D33E4452FB4}.Debug|Any CPU.ActiveCfg = Debug|Any CPU
		{CAF7239E-053A-4AE4-A9C9-8D33E4452FB4}.Debug|Any CPU.Build.0 = Debug|Any CPU
		{CAF7239E-053A-4AE4-A9C9-8D33E4452FB4}.Release|Any CPU.ActiveCfg = Release|Any CPU
		{CAF7239E-053A-4AE4-A9C9-8D33E4452FB4}.Release|Any CPU.Build.0 = Release|Any CPU
		{7ECAFC97-6793-4D77-BBD2-D6CFEB99A97F}.Debug|Any CPU.ActiveCfg = Debug|Any CPU
		{7ECAFC97-6793-4D77-BBD2-D6CFEB99A97F}.Debug|Any CPU.Build.0 = Debug|Any CPU
		{7ECAFC97-6793-4D77-BBD2-D6CFEB99A97F}.Release|Any CPU.ActiveCfg = Release|Any CPU
		{7ECAFC97-6793-4D77-BBD2-D6CFEB99A97F}.Release|Any CPU.Build.0 = Release|Any CPU
		{392E9205-F530-44D9-9665-A46CAE4AAE6A}.Debug|Any CPU.ActiveCfg = Debug|Any CPU
		{392E9205-F530-44D9-9665-A46CAE4AAE6A}.Debug|Any CPU.Build.0 = Debug|Any CPU
		{392E9205-F530-44D9-9665-A46CAE4AAE6A}.Release|Any CPU.ActiveCfg = Release|Any CPU
		{392E9205-F530-44D9-9665-A46CAE4AAE6A}.Release|Any CPU.Build.0 = Release|Any CPU
		{A92E4A48-8E2D-40A0-B7CF-15068B7D5CCA}.Debug|Any CPU.ActiveCfg = Debug|Any CPU
		{A92E4A48-8E2D-40A0-B7CF-15068B7D5CCA}.Debug|Any CPU.Build.0 = Debug|Any CPU
		{A92E4A48-8E2D-40A0-B7CF-15068B7D5CCA}.Release|Any CPU.ActiveCfg = Release|Any CPU
		{A92E4A48-8E2D-40A0-B7CF-15068B7D5CCA}.Release|Any CPU.Build.0 = Release|Any CPU
	EndGlobalSection
	GlobalSection(SolutionProperties) = preSolution
		HideSolutionNode = FALSE
	EndGlobalSection
	GlobalSection(ExtensibilityGlobals) = postSolution
		SolutionGuid = {E02179B0-1FDB-40D8-ACF1-7F9226F7FAC9}
	EndGlobalSection
EndGlobal
